// !$*UTF8*$!
{
	archiveVersion = 1;
	classes = {
	};
	objectVersion = 51;
	objects = {

/* Begin PBXBuildFile section */
		0E0FBC5023677FF500E702DD /* AppDelegate.swift in Sources */ = {isa = PBXBuildFile; fileRef = 0E0FBC4F23677FF500E702DD /* AppDelegate.swift */; };
		0E0FBC5223677FF500E702DD /* SceneDelegate.swift in Sources */ = {isa = PBXBuildFile; fileRef = 0E0FBC5123677FF500E702DD /* SceneDelegate.swift */; };
		0E0FBC5423677FF500E702DD /* TopMoviesViewController.swift in Sources */ = {isa = PBXBuildFile; fileRef = 0E0FBC5323677FF500E702DD /* TopMoviesViewController.swift */; };
		0E0FBC5723677FF500E702DD /* Main.storyboard in Resources */ = {isa = PBXBuildFile; fileRef = 0E0FBC5523677FF500E702DD /* Main.storyboard */; };
		0E0FBC5923677FF700E702DD /* Assets.xcassets in Resources */ = {isa = PBXBuildFile; fileRef = 0E0FBC5823677FF700E702DD /* Assets.xcassets */; };
		0E0FBC5C23677FF700E702DD /* LaunchScreen.storyboard in Resources */ = {isa = PBXBuildFile; fileRef = 0E0FBC5A23677FF700E702DD /* LaunchScreen.storyboard */; };
		0E0FBC67236786E500E702DD /* .swiftlint.yml in Resources */ = {isa = PBXBuildFile; fileRef = 0E0FBC66236786E500E702DD /* .swiftlint.yml */; };
		0E3E66C423681A16005BC074 /* Movie.swift in Sources */ = {isa = PBXBuildFile; fileRef = 0E3E66C323681A16005BC074 /* Movie.swift */; };
		0E3E66C723681B12005BC074 /* NetworkError.swift in Sources */ = {isa = PBXBuildFile; fileRef = 0E3E66C623681B12005BC074 /* NetworkError.swift */; };
		0E3E66C923681B90005BC074 /* TopMovies.swift in Sources */ = {isa = PBXBuildFile; fileRef = 0E3E66C823681B90005BC074 /* TopMovies.swift */; };
		0E3E66CA23681FF8005BC074 /* Network.swift in Sources */ = {isa = PBXBuildFile; fileRef = 0E0FBC6C2368154200E702DD /* Network.swift */; };
		0E3E66CD23683138005BC074 /* MovieOverviewCell.swift in Sources */ = {isa = PBXBuildFile; fileRef = 0E3E66CC23683138005BC074 /* MovieOverviewCell.swift */; };
		2B19626C5493007EC1883080 /* Pods_Farmdrop_Test.framework in Frameworks */ = {isa = PBXBuildFile; fileRef = A97FB458238D4D433161723B /* Pods_Farmdrop_Test.framework */; };
/* End PBXBuildFile section */

/* Begin PBXFileReference section */
		0E0FBC4C23677FF500E702DD /* Farmdrop Test.app */ = {isa = PBXFileReference; explicitFileType = wrapper.application; includeInIndex = 0; path = "Farmdrop Test.app"; sourceTree = BUILT_PRODUCTS_DIR; };
		0E0FBC4F23677FF500E702DD /* AppDelegate.swift */ = {isa = PBXFileReference; lastKnownFileType = sourcecode.swift; path = AppDelegate.swift; sourceTree = "<group>"; };
		0E0FBC5123677FF500E702DD /* SceneDelegate.swift */ = {isa = PBXFileReference; lastKnownFileType = sourcecode.swift; path = SceneDelegate.swift; sourceTree = "<group>"; };
		0E0FBC5323677FF500E702DD /* TopMoviesViewController.swift */ = {isa = PBXFileReference; lastKnownFileType = sourcecode.swift; path = TopMoviesViewController.swift; sourceTree = "<group>"; };
		0E0FBC5623677FF500E702DD /* Base */ = {isa = PBXFileReference; lastKnownFileType = file.storyboard; name = Base; path = Base.lproj/Main.storyboard; sourceTree = "<group>"; };
		0E0FBC5823677FF700E702DD /* Assets.xcassets */ = {isa = PBXFileReference; lastKnownFileType = folder.assetcatalog; path = Assets.xcassets; sourceTree = "<group>"; };
		0E0FBC5B23677FF700E702DD /* Base */ = {isa = PBXFileReference; lastKnownFileType = file.storyboard; name = Base; path = Base.lproj/LaunchScreen.storyboard; sourceTree = "<group>"; };
		0E0FBC5D23677FF700E702DD /* Info.plist */ = {isa = PBXFileReference; lastKnownFileType = text.plist.xml; path = Info.plist; sourceTree = "<group>"; };
		0E0FBC66236786E500E702DD /* .swiftlint.yml */ = {isa = PBXFileReference; fileEncoding = 4; lastKnownFileType = text.yaml; path = .swiftlint.yml; sourceTree = "<group>"; };
		0E0FBC6C2368154200E702DD /* Network.swift */ = {isa = PBXFileReference; lastKnownFileType = sourcecode.swift; path = Network.swift; sourceTree = "<group>"; };
		0E3E66C323681A16005BC074 /* Movie.swift */ = {isa = PBXFileReference; lastKnownFileType = sourcecode.swift; path = Movie.swift; sourceTree = "<group>"; };
		0E3E66C623681B12005BC074 /* NetworkError.swift */ = {isa = PBXFileReference; lastKnownFileType = sourcecode.swift; path = NetworkError.swift; sourceTree = "<group>"; };
		0E3E66C823681B90005BC074 /* TopMovies.swift */ = {isa = PBXFileReference; lastKnownFileType = sourcecode.swift; path = TopMovies.swift; sourceTree = "<group>"; };
		0E3E66CC23683138005BC074 /* MovieOverviewCell.swift */ = {isa = PBXFileReference; lastKnownFileType = sourcecode.swift; path = MovieOverviewCell.swift; sourceTree = "<group>"; };
		470C9A3A8CEC06115C1638AB /* Pods-Farmdrop Test.release.xcconfig */ = {isa = PBXFileReference; includeInIndex = 1; lastKnownFileType = text.xcconfig; name = "Pods-Farmdrop Test.release.xcconfig"; path = "Target Support Files/Pods-Farmdrop Test/Pods-Farmdrop Test.release.xcconfig"; sourceTree = "<group>"; };
		A97FB458238D4D433161723B /* Pods_Farmdrop_Test.framework */ = {isa = PBXFileReference; explicitFileType = wrapper.framework; includeInIndex = 0; path = Pods_Farmdrop_Test.framework; sourceTree = BUILT_PRODUCTS_DIR; };
		DE91C1D3C0478742D691CFD4 /* Pods-Farmdrop Test.debug.xcconfig */ = {isa = PBXFileReference; includeInIndex = 1; lastKnownFileType = text.xcconfig; name = "Pods-Farmdrop Test.debug.xcconfig"; path = "Target Support Files/Pods-Farmdrop Test/Pods-Farmdrop Test.debug.xcconfig"; sourceTree = "<group>"; };
/* End PBXFileReference section */

/* Begin PBXFrameworksBuildPhase section */
		0E0FBC4923677FF500E702DD /* Frameworks */ = {
			isa = PBXFrameworksBuildPhase;
			buildActionMask = 2147483647;
			files = (
				2B19626C5493007EC1883080 /* Pods_Farmdrop_Test.framework in Frameworks */,
			);
			runOnlyForDeploymentPostprocessing = 0;
		};
/* End PBXFrameworksBuildPhase section */

/* Begin PBXGroup section */
		0E0FBC4323677FF500E702DD = {
			isa = PBXGroup;
			children = (
				0E0FBC66236786E500E702DD /* .swiftlint.yml */,
				0E0FBC4E23677FF500E702DD /* Farmdrop Test */,
				0E0FBC4D23677FF500E702DD /* Products */,
				624C4318B066F2D5CB750C21 /* Pods */,
				C37576B24CEEA2F62110F494 /* Frameworks */,
			);
			sourceTree = "<group>";
		};
		0E0FBC4D23677FF500E702DD /* Products */ = {
			isa = PBXGroup;
			children = (
				0E0FBC4C23677FF500E702DD /* Farmdrop Test.app */,
			);
			name = Products;
			sourceTree = "<group>";
		};
		0E0FBC4E23677FF500E702DD /* Farmdrop Test */ = {
			isa = PBXGroup;
			children = (
				0E0FBC5D23677FF700E702DD /* Info.plist */,
				0E0FBC4F23677FF500E702DD /* AppDelegate.swift */,
				0E0FBC5123677FF500E702DD /* SceneDelegate.swift */,
				0E0FBC5823677FF700E702DD /* Assets.xcassets */,
				0E0FBC5A23677FF700E702DD /* LaunchScreen.storyboard */,
				0E0FBC682367880800E702DD /* Models */,
				0E0FBC692367881000E702DD /* Views */,
				0E0FBC6A2367881600E702DD /* Controllers */,
			);
			path = "Farmdrop Test";
			sourceTree = "<group>";
		};
		0E0FBC682367880800E702DD /* Models */ = {
			isa = PBXGroup;
			children = (
				0E3E66C523681AF9005BC074 /* Network */,
				0E0FBC6E2368156200E702DD /* Data */,
			);
			path = Models;
			sourceTree = "<group>";
		};
		0E0FBC692367881000E702DD /* Views */ = {
			isa = PBXGroup;
			children = (
				0E3E66CB23683119005BC074 /* Cells */,
				0E0FBC6B2367882600E702DD /* Storyboards */,
			);
			path = Views;
			sourceTree = "<group>";
		};
		0E0FBC6A2367881600E702DD /* Controllers */ = {
			isa = PBXGroup;
			children = (
				0E0FBC5323677FF500E702DD /* TopMoviesViewController.swift */,
			);
			path = Controllers;
			sourceTree = "<group>";
		};
		0E0FBC6B2367882600E702DD /* Storyboards */ = {
			isa = PBXGroup;
			children = (
				0E0FBC5523677FF500E702DD /* Main.storyboard */,
			);
			path = Storyboards;
			sourceTree = "<group>";
		};
		0E0FBC6E2368156200E702DD /* Data */ = {
			isa = PBXGroup;
			children = (
				0E3E66C323681A16005BC074 /* Movie.swift */,
				0E3E66C823681B90005BC074 /* TopMovies.swift */,
			);
			path = Data;
			sourceTree = "<group>";
		};
		0E3E66C523681AF9005BC074 /* Network */ = {
			isa = PBXGroup;
			children = (
				0E0FBC6C2368154200E702DD /* Network.swift */,
				0E3E66C623681B12005BC074 /* NetworkError.swift */,
			);
			path = Network;
			sourceTree = "<group>";
		};
		0E3E66CB23683119005BC074 /* Cells */ = {
			isa = PBXGroup;
			children = (
				0E3E66CC23683138005BC074 /* MovieOverviewCell.swift */,
			);
			path = Cells;
			sourceTree = "<group>";
		};
		624C4318B066F2D5CB750C21 /* Pods */ = {
			isa = PBXGroup;
			children = (
				DE91C1D3C0478742D691CFD4 /* Pods-Farmdrop Test.debug.xcconfig */,
				470C9A3A8CEC06115C1638AB /* Pods-Farmdrop Test.release.xcconfig */,
			);
			path = Pods;
			sourceTree = "<group>";
		};
		C37576B24CEEA2F62110F494 /* Frameworks */ = {
			isa = PBXGroup;
			children = (
				A97FB458238D4D433161723B /* Pods_Farmdrop_Test.framework */,
			);
			name = Frameworks;
			sourceTree = "<group>";
		};
/* End PBXGroup section */

/* Begin PBXNativeTarget section */
		0E0FBC4B23677FF500E702DD /* Farmdrop Test */ = {
			isa = PBXNativeTarget;
			buildConfigurationList = 0E0FBC6023677FF700E702DD /* Build configuration list for PBXNativeTarget "Farmdrop Test" */;
			buildPhases = (
				7C655588AE3C6DE9883B9683 /* [CP] Check Pods Manifest.lock */,
				0E0FBC4823677FF500E702DD /* Sources */,
				0E0FBC4923677FF500E702DD /* Frameworks */,
				0E0FBC4A23677FF500E702DD /* Resources */,
				CD1ECDDC3FDBD8CC642FB455 /* [CP] Embed Pods Frameworks */,
				0E0FBC632367841D00E702DD /* SwiftLint */,
			);
			buildRules = (
			);
			dependencies = (
			);
			name = "Farmdrop Test";
			productName = "Farmdrop Test";
			productReference = 0E0FBC4C23677FF500E702DD /* Farmdrop Test.app */;
			productType = "com.apple.product-type.application";
		};
/* End PBXNativeTarget section */

/* Begin PBXProject section */
		0E0FBC4423677FF500E702DD /* Project object */ = {
			isa = PBXProject;
			attributes = {
				LastSwiftUpdateCheck = 1110;
				LastUpgradeCheck = 1110;
				ORGANIZATIONNAME = "Nikolaos Rafail Nikolouzos";
				TargetAttributes = {
					0E0FBC4B23677FF500E702DD = {
						CreatedOnToolsVersion = 11.1;
					};
				};
			};
			buildConfigurationList = 0E0FBC4723677FF500E702DD /* Build configuration list for PBXProject "Farmdrop Test" */;
			compatibilityVersion = "Xcode 9.3";
			developmentRegion = en;
			hasScannedForEncodings = 0;
			knownRegions = (
				en,
				Base,
			);
			mainGroup = 0E0FBC4323677FF500E702DD;
			productRefGroup = 0E0FBC4D23677FF500E702DD /* Products */;
			projectDirPath = "";
			projectRoot = "";
			targets = (
				0E0FBC4B23677FF500E702DD /* Farmdrop Test */,
			);
		};
/* End PBXProject section */

/* Begin PBXResourcesBuildPhase section */
		0E0FBC4A23677FF500E702DD /* Resources */ = {
			isa = PBXResourcesBuildPhase;
			buildActionMask = 2147483647;
			files = (
				0E0FBC67236786E500E702DD /* .swiftlint.yml in Resources */,
				0E0FBC5C23677FF700E702DD /* LaunchScreen.storyboard in Resources */,
				0E0FBC5923677FF700E702DD /* Assets.xcassets in Resources */,
				0E0FBC5723677FF500E702DD /* Main.storyboard in Resources */,
			);
			runOnlyForDeploymentPostprocessing = 0;
		};
/* End PBXResourcesBuildPhase section */

/* Begin PBXShellScriptBuildPhase section */
		0E0FBC632367841D00E702DD /* SwiftLint */ = {
			isa = PBXShellScriptBuildPhase;
			buildActionMask = 2147483647;
			files = (
			);
			inputFileListPaths = (
			);
			inputPaths = (
			);
			name = SwiftLint;
			outputFileListPaths = (
			);
			outputPaths = (
			);
			runOnlyForDeploymentPostprocessing = 0;
			shellPath = /bin/sh;
			shellScript = "\"${PODS_ROOT}/SwiftLint/swiftlint\"\n";
		};
		7C655588AE3C6DE9883B9683 /* [CP] Check Pods Manifest.lock */ = {
			isa = PBXShellScriptBuildPhase;
			buildActionMask = 2147483647;
			files = (
			);
			inputFileListPaths = (
			);
			inputPaths = (
				"${PODS_PODFILE_DIR_PATH}/Podfile.lock",
				"${PODS_ROOT}/Manifest.lock",
			);
			name = "[CP] Check Pods Manifest.lock";
			outputFileListPaths = (
			);
			outputPaths = (
				"$(DERIVED_FILE_DIR)/Pods-Farmdrop Test-checkManifestLockResult.txt",
			);
			runOnlyForDeploymentPostprocessing = 0;
			shellPath = /bin/sh;
			shellScript = "diff \"${PODS_PODFILE_DIR_PATH}/Podfile.lock\" \"${PODS_ROOT}/Manifest.lock\" > /dev/null\nif [ $? != 0 ] ; then\n    # print error to STDERR\n    echo \"error: The sandbox is not in sync with the Podfile.lock. Run 'pod install' or update your CocoaPods installation.\" >&2\n    exit 1\nfi\n# This output is used by Xcode 'outputs' to avoid re-running this script phase.\necho \"SUCCESS\" > \"${SCRIPT_OUTPUT_FILE_0}\"\n";
			showEnvVarsInLog = 0;
		};
		CD1ECDDC3FDBD8CC642FB455 /* [CP] Embed Pods Frameworks */ = {
			isa = PBXShellScriptBuildPhase;
			buildActionMask = 2147483647;
			files = (
			);
			inputFileListPaths = (
				"${PODS_ROOT}/Target Support Files/Pods-Farmdrop Test/Pods-Farmdrop Test-frameworks-${CONFIGURATION}-input-files.xcfilelist",
			);
			name = "[CP] Embed Pods Frameworks";
			outputFileListPaths = (
				"${PODS_ROOT}/Target Support Files/Pods-Farmdrop Test/Pods-Farmdrop Test-frameworks-${CONFIGURATION}-output-files.xcfilelist",
			);
			runOnlyForDeploymentPostprocessing = 0;
			shellPath = /bin/sh;
			shellScript = "\"${PODS_ROOT}/Target Support Files/Pods-Farmdrop Test/Pods-Farmdrop Test-frameworks.sh\"\n";
			showEnvVarsInLog = 0;
		};
/* End PBXShellScriptBuildPhase section */

/* Begin PBXSourcesBuildPhase section */
		0E0FBC4823677FF500E702DD /* Sources */ = {
			isa = PBXSourcesBuildPhase;
			buildActionMask = 2147483647;
			files = (
				0E0FBC5423677FF500E702DD /* TopMoviesViewController.swift in Sources */,
				0E3E66CD23683138005BC074 /* MovieOverviewCell.swift in Sources */,
				0E0FBC5023677FF500E702DD /* AppDelegate.swift in Sources */,
				0E3E66C923681B90005BC074 /* TopMovies.swift in Sources */,
				0E3E66C723681B12005BC074 /* NetworkError.swift in Sources */,
				0E0FBC5223677FF500E702DD /* SceneDelegate.swift in Sources */,
				0E3E66CA23681FF8005BC074 /* Network.swift in Sources */,
				0E3E66C423681A16005BC074 /* Movie.swift in Sources */,
			);
			runOnlyForDeploymentPostprocessing = 0;
		};
/* End PBXSourcesBuildPhase section */

/* Begin PBXVariantGroup section */
		0E0FBC5523677FF500E702DD /* Main.storyboard */ = {
			isa = PBXVariantGroup;
			children = (
				0E0FBC5623677FF500E702DD /* Base */,
			);
			name = Main.storyboard;
			sourceTree = "<group>";
		};
		0E0FBC5A23677FF700E702DD /* LaunchScreen.storyboard */ = {
			isa = PBXVariantGroup;
			children = (
				0E0FBC5B23677FF700E702DD /* Base */,
			);
			name = LaunchScreen.storyboard;
			sourceTree = "<group>";
		};
/* End PBXVariantGroup section */

/* Begin XCBuildConfiguration section */
		0E0FBC5E23677FF700E702DD /* Debug */ = {
			isa = XCBuildConfiguration;
			buildSettings = {
				ALWAYS_SEARCH_USER_PATHS = NO;
				CLANG_ANALYZER_NONNULL = YES;
				CLANG_ANALYZER_NUMBER_OBJECT_CONVERSION = YES_AGGRESSIVE;
				CLANG_CXX_LANGUAGE_STANDARD = "gnu++14";
				CLANG_CXX_LIBRARY = "libc++";
				CLANG_ENABLE_MODULES = YES;
				CLANG_ENABLE_OBJC_ARC = YES;
				CLANG_ENABLE_OBJC_WEAK = YES;
				CLANG_WARN_BLOCK_CAPTURE_AUTORELEASING = YES;
				CLANG_WARN_BOOL_CONVERSION = YES;
				CLANG_WARN_COMMA = YES;
				CLANG_WARN_CONSTANT_CONVERSION = YES;
				CLANG_WARN_DEPRECATED_OBJC_IMPLEMENTATIONS = YES;
				CLANG_WARN_DIRECT_OBJC_ISA_USAGE = YES_ERROR;
				CLANG_WARN_DOCUMENTATION_COMMENTS = YES;
				CLANG_WARN_EMPTY_BODY = YES;
				CLANG_WARN_ENUM_CONVERSION = YES;
				CLANG_WARN_INFINITE_RECURSION = YES;
				CLANG_WARN_INT_CONVERSION = YES;
				CLANG_WARN_NON_LITERAL_NULL_CONVERSION = YES;
				CLANG_WARN_OBJC_IMPLICIT_RETAIN_SELF = YES;
				CLANG_WARN_OBJC_LITERAL_CONVERSION = YES;
				CLANG_WARN_OBJC_ROOT_CLASS = YES_ERROR;
				CLANG_WARN_RANGE_LOOP_ANALYSIS = YES;
				CLANG_WARN_STRICT_PROTOTYPES = YES;
				CLANG_WARN_SUSPICIOUS_MOVE = YES;
				CLANG_WARN_UNGUARDED_AVAILABILITY = YES_AGGRESSIVE;
				CLANG_WARN_UNREACHABLE_CODE = YES;
				CLANG_WARN__DUPLICATE_METHOD_MATCH = YES;
				COPY_PHASE_STRIP = NO;
				DEBUG_INFORMATION_FORMAT = dwarf;
				ENABLE_STRICT_OBJC_MSGSEND = YES;
				ENABLE_TESTABILITY = YES;
				GCC_C_LANGUAGE_STANDARD = gnu11;
				GCC_DYNAMIC_NO_PIC = NO;
				GCC_NO_COMMON_BLOCKS = YES;
				GCC_OPTIMIZATION_LEVEL = 0;
				GCC_PREPROCESSOR_DEFINITIONS = (
					"DEBUG=1",
					"$(inherited)",
				);
				GCC_WARN_64_TO_32_BIT_CONVERSION = YES;
				GCC_WARN_ABOUT_RETURN_TYPE = YES_ERROR;
				GCC_WARN_UNDECLARED_SELECTOR = YES;
				GCC_WARN_UNINITIALIZED_AUTOS = YES_AGGRESSIVE;
				GCC_WARN_UNUSED_FUNCTION = YES;
				GCC_WARN_UNUSED_VARIABLE = YES;
				IPHONEOS_DEPLOYMENT_TARGET = 13.1;
				MTL_ENABLE_DEBUG_INFO = INCLUDE_SOURCE;
				MTL_FAST_MATH = YES;
				ONLY_ACTIVE_ARCH = YES;
				SDKROOT = iphoneos;
				SWIFT_ACTIVE_COMPILATION_CONDITIONS = DEBUG;
				SWIFT_OPTIMIZATION_LEVEL = "-Onone";
			};
			name = Debug;
		};
		0E0FBC5F23677FF700E702DD /* Release */ = {
			isa = XCBuildConfiguration;
			buildSettings = {
				ALWAYS_SEARCH_USER_PATHS = NO;
				CLANG_ANALYZER_NONNULL = YES;
				CLANG_ANALYZER_NUMBER_OBJECT_CONVERSION = YES_AGGRESSIVE;
				CLANG_CXX_LANGUAGE_STANDARD = "gnu++14";
				CLANG_CXX_LIBRARY = "libc++";
				CLANG_ENABLE_MODULES = YES;
				CLANG_ENABLE_OBJC_ARC = YES;
				CLANG_ENABLE_OBJC_WEAK = YES;
				CLANG_WARN_BLOCK_CAPTURE_AUTORELEASING = YES;
				CLANG_WARN_BOOL_CONVERSION = YES;
				CLANG_WARN_COMMA = YES;
				CLANG_WARN_CONSTANT_CONVERSION = YES;
				CLANG_WARN_DEPRECATED_OBJC_IMPLEMENTATIONS = YES;
				CLANG_WARN_DIRECT_OBJC_ISA_USAGE = YES_ERROR;
				CLANG_WARN_DOCUMENTATION_COMMENTS = YES;
				CLANG_WARN_EMPTY_BODY = YES;
				CLANG_WARN_ENUM_CONVERSION = YES;
				CLANG_WARN_INFINITE_RECURSION = YES;
				CLANG_WARN_INT_CONVERSION = YES;
				CLANG_WARN_NON_LITERAL_NULL_CONVERSION = YES;
				CLANG_WARN_OBJC_IMPLICIT_RETAIN_SELF = YES;
				CLANG_WARN_OBJC_LITERAL_CONVERSION = YES;
				CLANG_WARN_OBJC_ROOT_CLASS = YES_ERROR;
				CLANG_WARN_RANGE_LOOP_ANALYSIS = YES;
				CLANG_WARN_STRICT_PROTOTYPES = YES;
				CLANG_WARN_SUSPICIOUS_MOVE = YES;
				CLANG_WARN_UNGUARDED_AVAILABILITY = YES_AGGRESSIVE;
				CLANG_WARN_UNREACHABLE_CODE = YES;
				CLANG_WARN__DUPLICATE_METHOD_MATCH = YES;
				COPY_PHASE_STRIP = NO;
				DEBUG_INFORMATION_FORMAT = "dwarf-with-dsym";
				ENABLE_NS_ASSERTIONS = NO;
				ENABLE_STRICT_OBJC_MSGSEND = YES;
				GCC_C_LANGUAGE_STANDARD = gnu11;
				GCC_NO_COMMON_BLOCKS = YES;
				GCC_WARN_64_TO_32_BIT_CONVERSION = YES;
				GCC_WARN_ABOUT_RETURN_TYPE = YES_ERROR;
				GCC_WARN_UNDECLARED_SELECTOR = YES;
				GCC_WARN_UNINITIALIZED_AUTOS = YES_AGGRESSIVE;
				GCC_WARN_UNUSED_FUNCTION = YES;
				GCC_WARN_UNUSED_VARIABLE = YES;
				IPHONEOS_DEPLOYMENT_TARGET = 13.1;
				MTL_ENABLE_DEBUG_INFO = NO;
				MTL_FAST_MATH = YES;
				SDKROOT = iphoneos;
				SWIFT_COMPILATION_MODE = wholemodule;
				SWIFT_OPTIMIZATION_LEVEL = "-O";
				VALIDATE_PRODUCT = YES;
			};
			name = Release;
		};
		0E0FBC6123677FF700E702DD /* Debug */ = {
			isa = XCBuildConfiguration;
			baseConfigurationReference = DE91C1D3C0478742D691CFD4 /* Pods-Farmdrop Test.debug.xcconfig */;
			buildSettings = {
				ASSETCATALOG_COMPILER_APPICON_NAME = AppIcon;
				CODE_SIGN_STYLE = Automatic;
				DEVELOPMENT_TEAM = SRXH896CXH;
				INFOPLIST_FILE = "Farmdrop Test/Info.plist";
				LD_RUNPATH_SEARCH_PATHS = (
					"$(inherited)",
					"@executable_path/Frameworks",
				);
				PRODUCT_BUNDLE_IDENTIFIER = "xyz.nikolouzos.Farmdrop-Test";
				PRODUCT_NAME = "$(TARGET_NAME)";
				SWIFT_VERSION = 5.0;
				TARGETED_DEVICE_FAMILY = "1,2";
			};
			name = Debug;
		};
		0E0FBC6223677FF700E702DD /* Release */ = {
			isa = XCBuildConfiguration;
			baseConfigurationReference = 470C9A3A8CEC06115C1638AB /* Pods-Farmdrop Test.release.xcconfig */;
			buildSettings = {
				ASSETCATALOG_COMPILER_APPICON_NAME = AppIcon;
				CODE_SIGN_STYLE = Automatic;
				DEVELOPMENT_TEAM = SRXH896CXH;
				INFOPLIST_FILE = "Farmdrop Test/Info.plist";
				LD_RUNPATH_SEARCH_PATHS = (
					"$(inherited)",
					"@executable_path/Frameworks",
				);
				PRODUCT_BUNDLE_IDENTIFIER = "xyz.nikolouzos.Farmdrop-Test";
				PRODUCT_NAME = "$(TARGET_NAME)";
				SWIFT_VERSION = 5.0;
				TARGETED_DEVICE_FAMILY = "1,2";
			};
			name = Release;
		};
/* End XCBuildConfiguration section */

/* Begin XCConfigurationList section */
		0E0FBC4723677FF500E702DD /* Build configuration list for PBXProject "Farmdrop Test" */ = {
			isa = XCConfigurationList;
			buildConfigurations = (
				0E0FBC5E23677FF700E702DD /* Debug */,
				0E0FBC5F23677FF700E702DD /* Release */,
			);
			defaultConfigurationIsVisible = 0;
			defaultConfigurationName = Release;
		};
		0E0FBC6023677FF700E702DD /* Build configuration list for PBXNativeTarget "Farmdrop Test" */ = {
			isa = XCConfigurationList;
			buildConfigurations = (
				0E0FBC6123677FF700E702DD /* Debug */,
				0E0FBC6223677FF700E702DD /* Release */,
			);
			defaultConfigurationIsVisible = 0;
			defaultConfigurationName = Release;
		};
/* End XCConfigurationList section */
	};
	rootObject = 0E0FBC4423677FF500E702DD /* Project object */;
}
